// !$*UTF8*$!
{
	archiveVersion = 1;
	classes = {
	};
	objectVersion = 46;
	objects = {

/* Begin PBXBuildFile section */
		161B96501C87D185002582C7 /* ViewController.m in Sources */ = {isa = PBXBuildFile; fileRef = 161B964F1C87D185002582C7 /* ViewController.m */; };
		165C29E91C8696E300888AAA /* main.m in Sources */ = {isa = PBXBuildFile; fileRef = 165C29E81C8696E300888AAA /* main.m */; };
		165C29EC1C8696E300888AAA /* AppDelegate.m in Sources */ = {isa = PBXBuildFile; fileRef = 165C29EB1C8696E300888AAA /* AppDelegate.m */; };
		165C29F21C8696E300888AAA /* Main.storyboard in Resources */ = {isa = PBXBuildFile; fileRef = 165C29F01C8696E300888AAA /* Main.storyboard */; };
		165C29F41C8696E300888AAA /* Assets.xcassets in Resources */ = {isa = PBXBuildFile; fileRef = 165C29F31C8696E300888AAA /* Assets.xcassets */; };
		165C29F71C8696E300888AAA /* LaunchScreen.storyboard in Resources */ = {isa = PBXBuildFile; fileRef = 165C29F51C8696E300888AAA /* LaunchScreen.storyboard */; };
		165C2A001C86F11D00888AAA /* test1.png in Resources */ = {isa = PBXBuildFile; fileRef = 165C29FE1C86F11D00888AAA /* test1.png */; };
		165C2A011C86F11D00888AAA /* test2.png in Resources */ = {isa = PBXBuildFile; fileRef = 165C29FF1C86F11D00888AAA /* test2.png */; };
/* End PBXBuildFile section */

/* Begin PBXFileReference section */
		161B964E1C87D185002582C7 /* ViewController.h */ = {isa = PBXFileReference; fileEncoding = 4; lastKnownFileType = sourcecode.c.h; name = ViewController.h; path = NewFolder/ViewController.h; sourceTree = "<group>"; };
		161B964F1C87D185002582C7 /* ViewController.m */ = {isa = PBXFileReference; fileEncoding = 4; lastKnownFileType = sourcecode.c.objc; name = ViewController.m; path = NewFolder/ViewController.m; sourceTree = "<group>"; };
		165C29E41C8696E300888AAA /* TestAnimation.app */ = {isa = PBXFileReference; explicitFileType = wrapper.application; includeInIndex = 0; path = TestAnimation.app; sourceTree = BUILT_PRODUCTS_DIR; };
		165C29E81C8696E300888AAA /* main.m */ = {isa = PBXFileReference; lastKnownFileType = sourcecode.c.objc; path = main.m; sourceTree = "<group>"; };
		165C29EA1C8696E300888AAA /* AppDelegate.h */ = {isa = PBXFileReference; lastKnownFileType = sourcecode.c.h; path = AppDelegate.h; sourceTree = "<group>"; };
		165C29EB1C8696E300888AAA /* AppDelegate.m */ = {isa = PBXFileReference; lastKnownFileType = sourcecode.c.objc; path = AppDelegate.m; sourceTree = "<group>"; };
		165C29F11C8696E300888AAA /* Base */ = {isa = PBXFileReference; lastKnownFileType = file.storyboard; name = Base; path = Base.lproj/Main.storyboard; sourceTree = "<group>"; };
		165C29F31C8696E300888AAA /* Assets.xcassets */ = {isa = PBXFileReference; lastKnownFileType = folder.assetcatalog; path = Assets.xcassets; sourceTree = "<group>"; };
		165C29F61C8696E300888AAA /* Base */ = {isa = PBXFileReference; lastKnownFileType = file.storyboard; name = Base; path = Base.lproj/LaunchScreen.storyboard; sourceTree = "<group>"; };
		165C29F81C8696E300888AAA /* Info.plist */ = {isa = PBXFileReference; lastKnownFileType = text.plist.xml; path = Info.plist; sourceTree = "<group>"; };
		165C29FE1C86F11D00888AAA /* test1.png */ = {isa = PBXFileReference; lastKnownFileType = image.png; path = test1.png; sourceTree = "<group>"; };
		165C29FF1C86F11D00888AAA /* test2.png */ = {isa = PBXFileReference; lastKnownFileType = image.png; path = test2.png; sourceTree = "<group>"; };
/* End PBXFileReference section */

/* Begin PBXFrameworksBuildPhase section */
		165C29E11C8696E300888AAA /* Frameworks */ = {
			isa = PBXFrameworksBuildPhase;
			buildActionMask = 2147483647;
			files = (
			);
			runOnlyForDeploymentPostprocessing = 0;
		};
/* End PBXFrameworksBuildPhase section */

/* Begin PBXGroup section */
		165C29DB1C8696E300888AAA = {
			isa = PBXGroup;
			children = (
				165C29E61C8696E300888AAA /* TestAnimation */,
				165C29E51C8696E300888AAA /* Products */,
			);
			sourceTree = "<group>";
		};
		165C29E51C8696E300888AAA /* Products */ = {
			isa = PBXGroup;
			children = (
				165C29E41C8696E300888AAA /* TestAnimation.app */,
			);
			name = Products;
			sourceTree = "<group>";
		};
		165C29E61C8696E300888AAA /* TestAnimation */ = {
			isa = PBXGroup;
			children = (
				161B964E1C87D185002582C7 /* ViewController.h */,
				161B964F1C87D185002582C7 /* ViewController.m */,
				165C29FE1C86F11D00888AAA /* test1.png */,
				165C29FF1C86F11D00888AAA /* test2.png */,
				165C29EA1C8696E300888AAA /* AppDelegate.h */,
				165C29EB1C8696E300888AAA /* AppDelegate.m */,
				165C29F01C8696E300888AAA /* Main.storyboard */,
				165C29F31C8696E300888AAA /* Assets.xcassets */,
				165C29F51C8696E300888AAA /* LaunchScreen.storyboard */,
				165C29F81C8696E300888AAA /* Info.plist */,
				165C29E71C8696E300888AAA /* Supporting Files */,
			);
			path = TestAnimation;
			sourceTree = "<group>";
		};
		165C29E71C8696E300888AAA /* Supporting Files */ = {
			isa = PBXGroup;
			children = (
				165C29E81C8696E300888AAA /* main.m */,
			);
			name = "Supporting Files";
			sourceTree = "<group>";
		};
/* End PBXGroup section */

/* Begin PBXNativeTarget section */
		165C29E31C8696E300888AAA /* TestAnimation */ = {
			isa = PBXNativeTarget;
			buildConfigurationList = 165C29FB1C8696E300888AAA /* Build configuration list for PBXNativeTarget "TestAnimation" */;
			buildPhases = (
				165C29E01C8696E300888AAA /* Sources */,
				165C29E11C8696E300888AAA /* Frameworks */,
				165C29E21C8696E300888AAA /* Resources */,
			);
			buildRules = (
			);
			dependencies = (
			);
			name = TestAnimation;
			productName = TestAnimation;
			productReference = 165C29E41C8696E300888AAA /* TestAnimation.app */;
			productType = "com.apple.product-type.application";
		};
/* End PBXNativeTarget section */

/* Begin PBXProject section */
		165C29DC1C8696E300888AAA /* Project object */ = {
			isa = PBXProject;
			attributes = {
				LastUpgradeCheck = 0720;
				ORGANIZATIONNAME = kkkwan;
				TargetAttributes = {
					165C29E31C8696E300888AAA = {
						CreatedOnToolsVersion = 7.2;
					};
				};
			};
			buildConfigurationList = 165C29DF1C8696E300888AAA /* Build configuration list for PBXProject "TestAnimation" */;
			compatibilityVersion = "Xcode 3.2";
			developmentRegion = English;
			hasScannedForEncodings = 0;
			knownRegions = (
				en,
				Base,
			);
			mainGroup = 165C29DB1C8696E300888AAA;
			productRefGroup = 165C29E51C8696E300888AAA /* Products */;
			projectDirPath = "";
			projectRoot = "";
			targets = (
				165C29E31C8696E300888AAA /* TestAnimation */,
			);
		};
/* End PBXProject section */

/* Begin PBXResourcesBuildPhase section */
		165C29E21C8696E300888AAA /* Resources */ = {
			isa = PBXResourcesBuildPhase;
			buildActionMask = 2147483647;
			files = (
				165C29F71C8696E300888AAA /* LaunchScreen.storyboard in Resources */,
				165C2A011C86F11D00888AAA /* test2.png in Resources */,
				165C2A001C86F11D00888AAA /* test1.png in Resources */,
				165C29F41C8696E300888AAA /* Assets.xcassets in Resources */,
				165C29F21C8696E300888AAA /* Main.storyboard in Resources */,
			);
			runOnlyForDeploymentPostprocessing = 0;
		};
/* End PBXResourcesBuildPhase section */

/* Begin PBXSourcesBuildPhase section */
		165C29E01C8696E300888AAA /* Sources */ = {
			isa = PBXSourcesBuildPhase;
			buildActionMask = 2147483647;
			files = (
				165C29EC1C8696E300888AAA /* AppDelegate.m in Sources */,
				161B96501C87D185002582C7 /* ViewController.m in Sources */,
				165C29E91C8696E300888AAA /* main.m in Sources */,
			);
			runOnlyForDeploymentPostprocessing = 0;
		};
/* End PBXSourcesBuildPhase section */

/* Begin PBXVariantGroup section */
		165C29F01C8696E300888AAA /* Main.storyboard */ = {
			isa = PBXVariantGroup;
			children = (
				165C29F11C8696E300888AAA /* Base */,
			);
			name = Main.storyboard;
			sourceTree = "<group>";
		};
		165C29F51C8696E300888AAA /* LaunchScreen.storyboard */ = {
			isa = PBXVariantGroup;
			children = (
				165C29F61C8696E300888AAA /* Base */,
			);
			name = LaunchScreen.storyboard;
			sourceTree = "<group>";
		};
/* End PBXVariantGroup section */

/* Begin XCBuildConfiguration section */
		165C29F91C8696E300888AAA /* Debug */ = {
			isa = XCBuildConfiguration;
			buildSettings = {
				ALWAYS_SEARCH_USER_PATHS = NO;
				CLANG_CXX_LANGUAGE_STANDARD = "gnu++0x";
				CLANG_CXX_LIBRARY = "libc++";
				CLANG_ENABLE_MODULES = YES;
				CLANG_ENABLE_OBJC_ARC = YES;
				CLANG_WARN_BOOL_CONVERSION = YES;
				CLANG_WARN_CONSTANT_CONVERSION = YES;
				CLANG_WARN_DIRECT_OBJC_ISA_USAGE = YES_ERROR;
				CLANG_WARN_EMPTY_BODY = YES;
				CLANG_WARN_ENUM_CONVERSION = YES;
				CLANG_WARN_INT_CONVERSION = YES;
				CLANG_WARN_OBJC_ROOT_CLASS = YES_ERROR;
				CLANG_WARN_UNREACHABLE_CODE = YES;
				CLANG_WARN__DUPLICATE_METHOD_MATCH = YES;
				"CODE_SIGN_IDENTITY[sdk=iphoneos*]" = "iPhone Developer";
				COPY_PHASE_STRIP = NO;
				DEBUG_INFORMATION_FORMAT = dwarf;
				ENABLE_STRICT_OBJC_MSGSEND = YES;
				ENABLE_TESTABILITY = YES;
				GCC_C_LANGUAGE_STANDARD = gnu99;
				GCC_DYNAMIC_NO_PIC = NO;
				GCC_NO_COMMON_BLOCKS = YES;
				GCC_OPTIMIZATION_LEVEL = 0;
				GCC_PREPROCESSOR_DEFINITIONS = (
					"DEBUG=1",
					"$(inherited)",
				);
				GCC_WARN_64_TO_32_BIT_CONVERSION = YES;
				GCC_WARN_ABOUT_RETURN_TYPE = YES_ERROR;
				GCC_WARN_UNDECLARED_SELECTOR = YES;
				GCC_WARN_UNINITIALIZED_AUTOS = YES_AGGRESSIVE;
				GCC_WARN_UNUSED_FUNCTION = YES;
				GCC_WARN_UNUSED_VARIABLE = YES;
				IPHONEOS_DEPLOYMENT_TARGET = 9.2;
				MTL_ENABLE_DEBUG_INFO = YES;
				ONLY_ACTIVE_ARCH = YES;
				SDKROOT = iphoneos;
				TARGETED_DEVICE_FAMILY = "1,2";
			};
			name = Debug;
		};
		165C29FA1C8696E300888AAA /* Release */ = {
			isa = XCBuildConfiguration;
			buildSettings = {
				ALWAYS_SEARCH_USER_PATHS = NO;
				CLANG_CXX_LANGUAGE_STANDARD = "gnu++0x";
				CLANG_CXX_LIBRARY = "libc++";
				CLANG_ENABLE_MODULES = YES;
				CLANG_ENABLE_OBJC_ARC = YES;
				CLANG_WARN_BOOL_CONVERSION = YES;
				CLANG_WARN_CONSTANT_CONVERSION = YES;
				CLANG_WARN_DIRECT_OBJC_ISA_USAGE = YES_ERROR;
				CLANG_WARN_EMPTY_BODY = YES;
				CLANG_WARN_ENUM_CONVERSION = YES;
				CLANG_WARN_INT_CONVERSION = YES;
				CLANG_WARN_OBJC_ROOT_CLASS = YES_ERROR;
				CLANG_WARN_UNREACHABLE_CODE = YES;
				CLANG_WARN__DUPLICATE_METHOD_MATCH = YES;
				"CODE_SIGN_IDENTITY[sdk=iphoneos*]" = "iPhone Developer";
				COPY_PHASE_STRIP = NO;
				DEBUG_INFORMATION_FORMAT = "dwarf-with-dsym";
				ENABLE_NS_ASSERTIONS = NO;
				ENABLE_STRICT_OBJC_MSGSEND = YES;
				GCC_C_LANGUAGE_STANDARD = gnu99;
				GCC_NO_COMMON_BLOCKS = YES;
				GCC_WARN_64_TO_32_BIT_CONVERSION = YES;
				GCC_WARN_ABOUT_RETURN_TYPE = YES_ERROR;
				GCC_WARN_UNDECLARED_SELECTOR = YES;
				GCC_WARN_UNINITIALIZED_AUTOS = YES_AGGRESSIVE;
				GCC_WARN_UNUSED_FUNCTION = YES;
				GCC_WARN_UNUSED_VARIABLE = YES;
				IPHONEOS_DEPLOYMENT_TARGET = 9.2;
				MTL_ENABLE_DEBUG_INFO = NO;
				SDKROOT = iphoneos;
				TARGETED_DEVICE_FAMILY = "1,2";
				VALIDATE_PRODUCT = YES;
			};
			name = Release;
		};
		165C29FC1C8696E300888AAA /* Debug */ = {
			isa = XCBuildConfiguration;
			buildSettings = {
				ASSETCATALOG_COMPILER_APPICON_NAME = AppIcon;
				INFOPLIST_FILE = TestAnimation/Info.plist;
				LD_RUNPATH_SEARCH_PATHS = "$(inherited) @executable_path/Frameworks";
				PRODUCT_BUNDLE_IDENTIFIER = com.cf.TestAnimation;
				PRODUCT_NAME = "$(TARGET_NAME)";
			};
			name = Debug;
		};
		165C29FD1C8696E300888AAA /* Release */ = {
			isa = XCBuildConfiguration;
			buildSettings = {
				ASSETCATALOG_COMPILER_APPICON_NAME = AppIcon;
				INFOPLIST_FILE = TestAnimation/Info.plist;
				LD_RUNPATH_SEARCH_PATHS = "$(inherited) @executable_path/Frameworks";
				PRODUCT_BUNDLE_IDENTIFIER = com.cf.TestAnimation;
				PRODUCT_NAME = "$(TARGET_NAME)";
			};
			name = Release;
		};
/* End XCBuildConfiguration section */

/* Begin XCConfigurationList section */
		165C29DF1C8696E300888AAA /* Build configuration list for PBXProject "TestAnimation" */ = {
			isa = XCConfigurationList;
			buildConfigurations = (
				165C29F91C8696E300888AAA /* Debug */,
				165C29FA1C8696E300888AAA /* Release */,
			);
			defaultConfigurationIsVisible = 0;
			defaultConfigurationName = Release;
		};
		165C29FB1C8696E300888AAA /* Build configuration list for PBXNativeTarget "TestAnimation" */ = {
			isa = XCConfigurationList;
			buildConfigurations = (
				165C29FC1C8696E300888AAA /* Debug */,
				165C29FD1C8696E300888AAA /* Release */,
			);
			defaultConfigurationIsVisible = 0;
			defaultConfigurationName = Release;
		};
/* End XCConfigurationList section */
	};
	rootObject = 165C29DC1C8696E300888AAA /* Project object */;
}
